
Microsoft Visual Studio Solution File, Format Version 12.00
# Visual Studio 15
VisualStudioVersion = 15.0.26124.0
MinimumVisualStudioVersion = 15.0.26124.0
Project("{FAE04EC0-301F-11D3-BF4B-00C04F79EFBC}") = "Ls.Common", "Ls.Common\Ls.Common.csproj", "{786382E2-05EE-4588-BED9-575C1BBBED77}"
EndProject
Project("{FAE04EC0-301F-11D3-BF4B-00C04F79EFBC}") = "Ls.Infrastructure", "Ls.Infrastructure\Ls.Infrastructure.csproj", "{DB595477-255E-4275-B498-7D86B0C85BF6}"
EndProject
Project("{FAE04EC0-301F-11D3-BF4B-00C04F79EFBC}") = "Ls.Api", "Ls.Api\Ls.Api.csproj", "{7EF91228-5935-4BCE-8814-CB95E7276C9C}"
EndProject
Project("{FAE04EC0-301F-11D3-BF4B-00C04F79EFBC}") = "Ls.Application", "Ls.Application\Ls.Application.csproj", "{ACA9DD64-FEA9-4636-B5BE-CD3201332C23}"
EndProject
Project("{FAE04EC0-301F-11D3-BF4B-00C04F79EFBC}") = "Ls.Domain", "Ls.Domain\Ls.Domain.csproj", "{3F9522E9-7145-4448-A304-BB376E152731}"
EndProject
Project("{FAE04EC0-301F-11D3-BF4B-00C04F79EFBC}") = "Ls.Persistence", "Ls.Persistence\Ls.Persistence.csproj", "{B673AC50-789F-4468-9218-9B8AE4E5B50F}"
EndProject
Global
	GlobalSection(SolutionConfigurationPlatforms) = preSolution
		Debug|Any CPU = Debug|Any CPU
		Debug|x64 = Debug|x64
		Debug|x86 = Debug|x86
		Release|Any CPU = Release|Any CPU
		Release|x64 = Release|x64
		Release|x86 = Release|x86
	EndGlobalSection
	GlobalSection(SolutionProperties) = preSolution
		HideSolutionNode = FALSE
	EndGlobalSection
	GlobalSection(ProjectConfigurationPlatforms) = postSolution
		{786382E2-05EE-4588-BED9-575C1BBBED77}.Debug|Any CPU.ActiveCfg = Debug|Any CPU
		{786382E2-05EE-4588-BED9-575C1BBBED77}.Debug|Any CPU.Build.0 = Debug|Any CPU
		{786382E2-05EE-4588-BED9-575C1BBBED77}.Debug|x64.ActiveCfg = Debug|Any CPU
		{786382E2-05EE-4588-BED9-575C1BBBED77}.Debug|x64.Build.0 = Debug|Any CPU
		{786382E2-05EE-4588-BED9-575C1BBBED77}.Debug|x86.ActiveCfg = Debug|Any CPU
		{786382E2-05EE-4588-BED9-575C1BBBED77}.Debug|x86.Build.0 = Debug|Any CPU
		{786382E2-05EE-4588-BED9-575C1BBBED77}.Release|Any CPU.ActiveCfg = Release|Any CPU
		{786382E2-05EE-4588-BED9-575C1BBBED77}.Release|Any CPU.Build.0 = Release|Any CPU
		{786382E2-05EE-4588-BED9-575C1BBBED77}.Release|x64.ActiveCfg = Release|Any CPU
		{786382E2-05EE-4588-BED9-575C1BBBED77}.Release|x64.Build.0 = Release|Any CPU
		{786382E2-05EE-4588-BED9-575C1BBBED77}.Release|x86.ActiveCfg = Release|Any CPU
		{786382E2-05EE-4588-BED9-575C1BBBED77}.Release|x86.Build.0 = Release|Any CPU
		{DB595477-255E-4275-B498-7D86B0C85BF6}.Debug|Any CPU.ActiveCfg = Debug|Any CPU
		{DB595477-255E-4275-B498-7D86B0C85BF6}.Debug|Any CPU.Build.0 = Debug|Any CPU
		{DB595477-255E-4275-B498-7D86B0C85BF6}.Debug|x64.ActiveCfg = Debug|Any CPU
		{DB595477-255E-4275-B498-7D86B0C85BF6}.Debug|x64.Build.0 = Debug|Any CPU
		{DB595477-255E-4275-B498-7D86B0C85BF6}.Debug|x86.ActiveCfg = Debug|Any CPU
		{DB595477-255E-4275-B498-7D86B0C85BF6}.Debug|x86.Build.0 = Debug|Any CPU
		{DB595477-255E-4275-B498-7D86B0C85BF6}.Release|Any CPU.ActiveCfg = Release|Any CPU
		{DB595477-255E-4275-B498-7D86B0C85BF6}.Release|Any CPU.Build.0 = Release|Any CPU
		{DB595477-255E-4275-B498-7D86B0C85BF6}.Release|x64.ActiveCfg = Release|Any CPU
		{DB595477-255E-4275-B498-7D86B0C85BF6}.Release|x64.Build.0 = Release|Any CPU
		{DB595477-255E-4275-B498-7D86B0C85BF6}.Release|x86.ActiveCfg = Release|Any CPU
		{DB595477-255E-4275-B498-7D86B0C85BF6}.Release|x86.Build.0 = Release|Any CPU
		{7EF91228-5935-4BCE-8814-CB95E7276C9C}.Debug|Any CPU.ActiveCfg = Debug|Any CPU
		{7EF91228-5935-4BCE-8814-CB95E7276C9C}.Debug|Any CPU.Build.0 = Debug|Any CPU
		{7EF91228-5935-4BCE-8814-CB95E7276C9C}.Debug|x64.ActiveCfg = Debug|Any CPU
		{7EF91228-5935-4BCE-8814-CB95E7276C9C}.Debug|x64.Build.0 = Debug|Any CPU
		{7EF91228-5935-4BCE-8814-CB95E7276C9C}.Debug|x86.ActiveCfg = Debug|Any CPU
		{7EF91228-5935-4BCE-8814-CB95E7276C9C}.Debug|x86.Build.0 = Debug|Any CPU
		{7EF91228-5935-4BCE-8814-CB95E7276C9C}.Release|Any CPU.ActiveCfg = Release|Any CPU
		{7EF91228-5935-4BCE-8814-CB95E7276C9C}.Release|Any CPU.Build.0 = Release|Any CPU
		{7EF91228-5935-4BCE-8814-CB95E7276C9C}.Release|x64.ActiveCfg = Release|Any CPU
		{7EF91228-5935-4BCE-8814-CB95E7276C9C}.Release|x64.Build.0 = Release|Any CPU
		{7EF91228-5935-4BCE-8814-CB95E7276C9C}.Release|x86.ActiveCfg = Release|Any CPU
		{7EF91228-5935-4BCE-8814-CB95E7276C9C}.Release|x86.Build.0 = Release|Any CPU
		{ACA9DD64-FEA9-4636-B5BE-CD3201332C23}.Debug|Any CPU.ActiveCfg = Debug|Any CPU
		{ACA9DD64-FEA9-4636-B5BE-CD3201332C23}.Debug|Any CPU.Build.0 = Debug|Any CPU
		{ACA9DD64-FEA9-4636-B5BE-CD3201332C23}.Debug|x64.ActiveCfg = Debug|Any CPU
		{ACA9DD64-FEA9-4636-B5BE-CD3201332C23}.Debug|x64.Build.0 = Debug|Any CPU
		{ACA9DD64-FEA9-4636-B5BE-CD3201332C23}.Debug|x86.ActiveCfg = Debug|Any CPU
		{ACA9DD64-FEA9-4636-B5BE-CD3201332C23}.Debug|x86.Build.0 = Debug|Any CPU
		{ACA9DD64-FEA9-4636-B5BE-CD3201332C23}.Release|Any CPU.ActiveCfg = Release|Any CPU
		{ACA9DD64-FEA9-4636-B5BE-CD3201332C23}.Release|Any CPU.Build.0 = Release|Any CPU
		{ACA9DD64-FEA9-4636-B5BE-CD3201332C23}.Release|x64.ActiveCfg = Release|Any CPU
		{ACA9DD64-FEA9-4636-B5BE-CD3201332C23}.Release|x64.Build.0 = Release|Any CPU
		{ACA9DD64-FEA9-4636-B5BE-CD3201332C23}.Release|x86.ActiveCfg = Release|Any CPU
		{ACA9DD64-FEA9-4636-B5BE-CD3201332C23}.Release|x86.Build.0 = Release|Any CPU
		{3F9522E9-7145-4448-A304-BB376E152731}.Debug|Any CPU.ActiveCfg = Debug|Any CPU
		{3F9522E9-7145-4448-A304-BB376E152731}.Debug|Any CPU.Build.0 = Debug|Any CPU
		{3F9522E9-7145-4448-A304-BB376E152731}.Debug|x64.ActiveCfg = Debug|Any CPU
		{3F9522E9-7145-4448-A304-BB376E152731}.Debug|x64.Build.0 = Debug|Any CPU
		{3F9522E9-7145-4448-A304-BB376E152731}.Debug|x86.ActiveCfg = Debug|Any CPU
		{3F9522E9-7145-4448-A304-BB376E152731}.Debug|x86.Build.0 = Debug|Any CPU
		{3F9522E9-7145-4448-A304-BB376E152731}.Release|Any CPU.ActiveCfg = Release|Any CPU
		{3F9522E9-7145-4448-A304-BB376E152731}.Release|Any CPU.Build.0 = Release|Any CPU
		{3F9522E9-7145-4448-A304-BB376E152731}.Release|x64.ActiveCfg = Release|Any CPU
		{3F9522E9-7145-4448-A304-BB376E152731}.Release|x64.Build.0 = Release|Any CPU
		{3F9522E9-7145-4448-A304-BB376E152731}.Release|x86.ActiveCfg = Release|Any CPU
		{3F9522E9-7145-4448-A304-BB376E152731}.Release|x86.Build.0 = Release|Any CPU
		{B673AC50-789F-4468-9218-9B8AE4E5B50F}.Debug|Any CPU.ActiveCfg = Debug|Any CPU
		{B673AC50-789F-4468-9218-9B8AE4E5B50F}.Debug|Any CPU.Build.0 = Debug|Any CPU
		{B673AC50-789F-4468-9218-9B8AE4E5B50F}.Debug|x64.ActiveCfg = Debug|Any CPU
		{B673AC50-789F-4468-9218-9B8AE4E5B50F}.Debug|x64.Build.0 = Debug|Any CPU
		{B673AC50-789F-4468-9218-9B8AE4E5B50F}.Debug|x86.ActiveCfg = Debug|Any CPU
		{B673AC50-789F-4468-9218-9B8AE4E5B50F}.Debug|x86.Build.0 = Debug|Any CPU
		{B673AC50-789F-4468-9218-9B8AE4E5B50F}.Release|Any CPU.ActiveCfg = Release|Any CPU
		{B673AC50-789F-4468-9218-9B8AE4E5B50F}.Release|Any CPU.Build.0 = Release|Any CPU
		{B673AC50-789F-4468-9218-9B8AE4E5B50F}.Release|x64.ActiveCfg = Release|Any CPU
		{B673AC50-789F-4468-9218-9B8AE4E5B50F}.Release|x64.Build.0 = Release|Any CPU
		{B673AC50-789F-4468-9218-9B8AE4E5B50F}.Release|x86.ActiveCfg = Release|Any CPU
		{B673AC50-789F-4468-9218-9B8AE4E5B50F}.Release|x86.Build.0 = Release|Any CPU
	EndGlobalSection
EndGlobal
