
Microsoft Visual Studio Solution File, Format Version 12.00
# Visual Studio 15
VisualStudioVersion = 15.0.26124.0
MinimumVisualStudioVersion = 15.0.26124.0
Project("{FAE04EC0-301F-11D3-BF4B-00C04F79EFBC}") = "Domain", "Domain\Domain.csproj", "{8D9F91C3-E7E5-4B6D-BCAA-00523870FE57}"
EndProject
Project("{FAE04EC0-301F-11D3-BF4B-00C04F79EFBC}") = "Application", "Application\Application.csproj", "{5CB172EA-5869-475F-9BD2-BA93A4613865}"
EndProject
Project("{FAE04EC0-301F-11D3-BF4B-00C04F79EFBC}") = "Persistence", "Persistence\Persistence.csproj", "{B94710DB-E382-4EBB-BCCF-4D9069CEEF51}"
EndProject
Project("{FAE04EC0-301F-11D3-BF4B-00C04F79EFBC}") = "Api", "Api\Api.csproj", "{206FE41A-95F1-4277-A7A9-73FD182D3F57}"
EndProject
Global
	GlobalSection(SolutionConfigurationPlatforms) = preSolution
		Debug|Any CPU = Debug|Any CPU
		Debug|x64 = Debug|x64
		Debug|x86 = Debug|x86
		Release|Any CPU = Release|Any CPU
		Release|x64 = Release|x64
		Release|x86 = Release|x86
	EndGlobalSection
	GlobalSection(SolutionProperties) = preSolution
		HideSolutionNode = FALSE
	EndGlobalSection
	GlobalSection(ProjectConfigurationPlatforms) = postSolution
		{8D9F91C3-E7E5-4B6D-BCAA-00523870FE57}.Debug|Any CPU.ActiveCfg = Debug|Any CPU
		{8D9F91C3-E7E5-4B6D-BCAA-00523870FE57}.Debug|Any CPU.Build.0 = Debug|Any CPU
		{8D9F91C3-E7E5-4B6D-BCAA-00523870FE57}.Debug|x64.ActiveCfg = Debug|Any CPU
		{8D9F91C3-E7E5-4B6D-BCAA-00523870FE57}.Debug|x64.Build.0 = Debug|Any CPU
		{8D9F91C3-E7E5-4B6D-BCAA-00523870FE57}.Debug|x86.ActiveCfg = Debug|Any CPU
		{8D9F91C3-E7E5-4B6D-BCAA-00523870FE57}.Debug|x86.Build.0 = Debug|Any CPU
		{8D9F91C3-E7E5-4B6D-BCAA-00523870FE57}.Release|Any CPU.ActiveCfg = Release|Any CPU
		{8D9F91C3-E7E5-4B6D-BCAA-00523870FE57}.Release|Any CPU.Build.0 = Release|Any CPU
		{8D9F91C3-E7E5-4B6D-BCAA-00523870FE57}.Release|x64.ActiveCfg = Release|Any CPU
		{8D9F91C3-E7E5-4B6D-BCAA-00523870FE57}.Release|x64.Build.0 = Release|Any CPU
		{8D9F91C3-E7E5-4B6D-BCAA-00523870FE57}.Release|x86.ActiveCfg = Release|Any CPU
		{8D9F91C3-E7E5-4B6D-BCAA-00523870FE57}.Release|x86.Build.0 = Release|Any CPU
		{5CB172EA-5869-475F-9BD2-BA93A4613865}.Debug|Any CPU.ActiveCfg = Debug|Any CPU
		{5CB172EA-5869-475F-9BD2-BA93A4613865}.Debug|Any CPU.Build.0 = Debug|Any CPU
		{5CB172EA-5869-475F-9BD2-BA93A4613865}.Debug|x64.ActiveCfg = Debug|Any CPU
		{5CB172EA-5869-475F-9BD2-BA93A4613865}.Debug|x64.Build.0 = Debug|Any CPU
		{5CB172EA-5869-475F-9BD2-BA93A4613865}.Debug|x86.ActiveCfg = Debug|Any CPU
		{5CB172EA-5869-475F-9BD2-BA93A4613865}.Debug|x86.Build.0 = Debug|Any CPU
		{5CB172EA-5869-475F-9BD2-BA93A4613865}.Release|Any CPU.ActiveCfg = Release|Any CPU
		{5CB172EA-5869-475F-9BD2-BA93A4613865}.Release|Any CPU.Build.0 = Release|Any CPU
		{5CB172EA-5869-475F-9BD2-BA93A4613865}.Release|x64.ActiveCfg = Release|Any CPU
		{5CB172EA-5869-475F-9BD2-BA93A4613865}.Release|x64.Build.0 = Release|Any CPU
		{5CB172EA-5869-475F-9BD2-BA93A4613865}.Release|x86.ActiveCfg = Release|Any CPU
		{5CB172EA-5869-475F-9BD2-BA93A4613865}.Release|x86.Build.0 = Release|Any CPU
		{B94710DB-E382-4EBB-BCCF-4D9069CEEF51}.Debug|Any CPU.ActiveCfg = Debug|Any CPU
		{B94710DB-E382-4EBB-BCCF-4D9069CEEF51}.Debug|Any CPU.Build.0 = Debug|Any CPU
		{B94710DB-E382-4EBB-BCCF-4D9069CEEF51}.Debug|x64.ActiveCfg = Debug|Any CPU
		{B94710DB-E382-4EBB-BCCF-4D9069CEEF51}.Debug|x64.Build.0 = Debug|Any CPU
		{B94710DB-E382-4EBB-BCCF-4D9069CEEF51}.Debug|x86.ActiveCfg = Debug|Any CPU
		{B94710DB-E382-4EBB-BCCF-4D9069CEEF51}.Debug|x86.Build.0 = Debug|Any CPU
		{B94710DB-E382-4EBB-BCCF-4D9069CEEF51}.Release|Any CPU.ActiveCfg = Release|Any CPU
		{B94710DB-E382-4EBB-BCCF-4D9069CEEF51}.Release|Any CPU.Build.0 = Release|Any CPU
		{B94710DB-E382-4EBB-BCCF-4D9069CEEF51}.Release|x64.ActiveCfg = Release|Any CPU
		{B94710DB-E382-4EBB-BCCF-4D9069CEEF51}.Release|x64.Build.0 = Release|Any CPU
		{B94710DB-E382-4EBB-BCCF-4D9069CEEF51}.Release|x86.ActiveCfg = Release|Any CPU
		{B94710DB-E382-4EBB-BCCF-4D9069CEEF51}.Release|x86.Build.0 = Release|Any CPU
		{206FE41A-95F1-4277-A7A9-73FD182D3F57}.Debug|Any CPU.ActiveCfg = Debug|Any CPU
		{206FE41A-95F1-4277-A7A9-73FD182D3F57}.Debug|Any CPU.Build.0 = Debug|Any CPU
		{206FE41A-95F1-4277-A7A9-73FD182D3F57}.Debug|x64.ActiveCfg = Debug|Any CPU
		{206FE41A-95F1-4277-A7A9-73FD182D3F57}.Debug|x64.Build.0 = Debug|Any CPU
		{206FE41A-95F1-4277-A7A9-73FD182D3F57}.Debug|x86.ActiveCfg = Debug|Any CPU
		{206FE41A-95F1-4277-A7A9-73FD182D3F57}.Debug|x86.Build.0 = Debug|Any CPU
		{206FE41A-95F1-4277-A7A9-73FD182D3F57}.Release|Any CPU.ActiveCfg = Release|Any CPU
		{206FE41A-95F1-4277-A7A9-73FD182D3F57}.Release|Any CPU.Build.0 = Release|Any CPU
		{206FE41A-95F1-4277-A7A9-73FD182D3F57}.Release|x64.ActiveCfg = Release|Any CPU
		{206FE41A-95F1-4277-A7A9-73FD182D3F57}.Release|x64.Build.0 = Release|Any CPU
		{206FE41A-95F1-4277-A7A9-73FD182D3F57}.Release|x86.ActiveCfg = Release|Any CPU
		{206FE41A-95F1-4277-A7A9-73FD182D3F57}.Release|x86.Build.0 = Release|Any CPU
	EndGlobalSection
EndGlobal
